
Microsoft Visual Studio Solution File, Format Version 12.00
# Visual Studio Version 16
VisualStudioVersion = 16.0.29509.3
MinimumVisualStudioVersion = 10.0.40219.1
Project("{FAE04EC0-301F-11D3-BF4B-00C04F79EFBC}") = "Orden", "Orden\Orden.csproj", "{3FCC5A62-B553-417D-922B-60565D4D8363}"
EndProject
Global
	GlobalSection(SolutionConfigurationPlatforms) = preSolution
		Debug|Any CPU = Debug|Any CPU
		Release|Any CPU = Release|Any CPU
	EndGlobalSection
	GlobalSection(ProjectConfigurationPlatforms) = postSolution
		{3FCC5A62-B553-417D-922B-60565D4D8363}.Debug|Any CPU.ActiveCfg = Debug|Any CPU
		{3FCC5A62-B553-417D-922B-60565D4D8363}.Debug|Any CPU.Build.0 = Debug|Any CPU
		{3FCC5A62-B553-417D-922B-60565D4D8363}.Release|Any CPU.ActiveCfg = Release|Any CPU
		{3FCC5A62-B553-417D-922B-60565D4D8363}.Release|Any CPU.Build.0 = Release|Any CPU
	EndGlobalSection
	GlobalSection(SolutionProperties) = preSolution
		HideSolutionNode = FALSE
	EndGlobalSection
	GlobalSection(ExtensibilityGlobals) = postSolution
		SolutionGuid = {AA6881B1-C8D5-42ED-812D-A33A1AE0F58A}
	EndGlobalSection
EndGlobal
