
Microsoft Visual Studio Solution File, Format Version 12.00
# Visual Studio Version 16
VisualStudioVersion = 16.0.30011.22
MinimumVisualStudioVersion = 10.0.40219.1
Project("{FAE04EC0-301F-11D3-BF4B-00C04F79EFBC}") = "Numeros Pseudoaletorios", "Numeros Pseudoaletorios\Numeros Pseudoaletorios.csproj", "{ED075F33-53E2-4C03-990F-2AD9424F75A3}"
EndProject
Global
	GlobalSection(SolutionConfigurationPlatforms) = preSolution
		Debug|Any CPU = Debug|Any CPU
		Release|Any CPU = Release|Any CPU
	EndGlobalSection
	GlobalSection(ProjectConfigurationPlatforms) = postSolution
		{ED075F33-53E2-4C03-990F-2AD9424F75A3}.Debug|Any CPU.ActiveCfg = Debug|Any CPU
		{ED075F33-53E2-4C03-990F-2AD9424F75A3}.Debug|Any CPU.Build.0 = Debug|Any CPU
		{ED075F33-53E2-4C03-990F-2AD9424F75A3}.Release|Any CPU.ActiveCfg = Release|Any CPU
		{ED075F33-53E2-4C03-990F-2AD9424F75A3}.Release|Any CPU.Build.0 = Release|Any CPU
	EndGlobalSection
	GlobalSection(SolutionProperties) = preSolution
		HideSolutionNode = FALSE
	EndGlobalSection
	GlobalSection(ExtensibilityGlobals) = postSolution
		SolutionGuid = {4C3D7F98-24A6-4D2D-9D14-20DE80880803}
	EndGlobalSection
EndGlobal
