
Microsoft Visual Studio Solution File, Format Version 12.00
# Visual Studio Version 16
VisualStudioVersion = 16.0.30011.22
MinimumVisualStudioVersion = 10.0.40219.1
Project("{FAE04EC0-301F-11D3-BF4B-00C04F79EFBC}") = "JuegoConNumeros", "JuegoConNumeros\JuegoConNumeros.csproj", "{C419CAC3-C264-4146-BEDE-4F71E8F90DDD}"
EndProject
Global
	GlobalSection(SolutionConfigurationPlatforms) = preSolution
		Debug|Any CPU = Debug|Any CPU
		Release|Any CPU = Release|Any CPU
	EndGlobalSection
	GlobalSection(ProjectConfigurationPlatforms) = postSolution
		{C419CAC3-C264-4146-BEDE-4F71E8F90DDD}.Debug|Any CPU.ActiveCfg = Debug|Any CPU
		{C419CAC3-C264-4146-BEDE-4F71E8F90DDD}.Debug|Any CPU.Build.0 = Debug|Any CPU
		{C419CAC3-C264-4146-BEDE-4F71E8F90DDD}.Release|Any CPU.ActiveCfg = Release|Any CPU
		{C419CAC3-C264-4146-BEDE-4F71E8F90DDD}.Release|Any CPU.Build.0 = Release|Any CPU
	EndGlobalSection
	GlobalSection(SolutionProperties) = preSolution
		HideSolutionNode = FALSE
	EndGlobalSection
	GlobalSection(ExtensibilityGlobals) = postSolution
		SolutionGuid = {7F633709-09D3-42D3-BB28-2680799A77DA}
	EndGlobalSection
EndGlobal
